
Microsoft Visual Studio Solution File, Format Version 12.00
# Visual Studio Version 17
VisualStudioVersion = 17.6.33815.320
MinimumVisualStudioVersion = 10.0.40219.1
Project("{FAE04EC0-301F-11D3-BF4B-00C04F79EFBC}") = "Asp.Net_HW_Module_01_Ua", "Asp.Net_HW_Module_01_Ua\Asp.Net_HW_Module_01_Ua.csproj", "{339797AF-600F-464E-BECD-B9ABB29A6AD4}"
EndProject
Global
	GlobalSection(SolutionConfigurationPlatforms) = preSolution
		Debug|Any CPU = Debug|Any CPU
		Release|Any CPU = Release|Any CPU
	EndGlobalSection
	GlobalSection(ProjectConfigurationPlatforms) = postSolution
		{339797AF-600F-464E-BECD-B9ABB29A6AD4}.Debug|Any CPU.ActiveCfg = Debug|Any CPU
		{339797AF-600F-464E-BECD-B9ABB29A6AD4}.Debug|Any CPU.Build.0 = Debug|Any CPU
		{339797AF-600F-464E-BECD-B9ABB29A6AD4}.Release|Any CPU.ActiveCfg = Release|Any CPU
		{339797AF-600F-464E-BECD-B9ABB29A6AD4}.Release|Any CPU.Build.0 = Release|Any CPU
	EndGlobalSection
	GlobalSection(SolutionProperties) = preSolution
		HideSolutionNode = FALSE
	EndGlobalSection
	GlobalSection(ExtensibilityGlobals) = postSolution
		SolutionGuid = {063BAD86-43C1-4B5E-B60C-2AA36895D447}
	EndGlobalSection
EndGlobal
